
Microsoft Visual Studio Solution File, Format Version 12.00
# Visual Studio 15
VisualStudioVersion = 15.0.28307.960
MinimumVisualStudioVersion = 10.0.40219.1
Project("{9092AA53-FB77-4645-B42D-1CCCA6BD08BD}") = "HardPointBasic", "HardPointBasic\HardPointBasic.njsproj", "{032D480C-5EEF-4BA8-971B-F023BAECD1BC}"
EndProject
Project("{9092AA53-FB77-4645-B42D-1CCCA6BD08BD}") = "HardPoint", "HardPont\HardPoint.njsproj", "{729374E1-A7B0-41AB-A927-FE9E4D1FB3E5}"
EndProject
Global
	GlobalSection(SolutionConfigurationPlatforms) = preSolution
		Debug|Any CPU = Debug|Any CPU
		Release|Any CPU = Release|Any CPU
	EndGlobalSection
	GlobalSection(ProjectConfigurationPlatforms) = postSolution
		{032D480C-5EEF-4BA8-971B-F023BAECD1BC}.Debug|Any CPU.ActiveCfg = Debug|Any CPU
		{032D480C-5EEF-4BA8-971B-F023BAECD1BC}.Debug|Any CPU.Build.0 = Debug|Any CPU
		{032D480C-5EEF-4BA8-971B-F023BAECD1BC}.Release|Any CPU.ActiveCfg = Release|Any CPU
		{032D480C-5EEF-4BA8-971B-F023BAECD1BC}.Release|Any CPU.Build.0 = Release|Any CPU
		{729374E1-A7B0-41AB-A927-FE9E4D1FB3E5}.Debug|Any CPU.ActiveCfg = Debug|Any CPU
		{729374E1-A7B0-41AB-A927-FE9E4D1FB3E5}.Debug|Any CPU.Build.0 = Debug|Any CPU
		{729374E1-A7B0-41AB-A927-FE9E4D1FB3E5}.Release|Any CPU.ActiveCfg = Release|Any CPU
		{729374E1-A7B0-41AB-A927-FE9E4D1FB3E5}.Release|Any CPU.Build.0 = Release|Any CPU
	EndGlobalSection
	GlobalSection(SolutionProperties) = preSolution
		HideSolutionNode = FALSE
	EndGlobalSection
	GlobalSection(ExtensibilityGlobals) = postSolution
		SolutionGuid = {6844BFEE-E4DC-48FE-B4E3-0E4449B53009}
	EndGlobalSection
EndGlobal
